Microsoft Visual Studio Solution File, Format Version 12.00
# Visual Studio Version 17
VisualStudioVersion = 17.5.2.0
MinimumVisualStudioVersion = 10.0.40219.1
Project("{FAE04EC0-301F-11D3-BF4B-00C04F79EFBC}") = "Vm", "Vm.csproj", "{D033D78B-8BC6-B04B-B10D-C0498627500C}"
EndProject
Global
	GlobalSection(SolutionConfigurationPlatforms) = preSolution
		Debug|Any CPU = Debug|Any CPU
		Release|Any CPU = Release|Any CPU
	EndGlobalSection
	GlobalSection(ProjectConfigurationPlatforms) = postSolution
		{D033D78B-8BC6-B04B-B10D-C0498627500C}.Debug|Any CPU.ActiveCfg = Debug|Any CPU
		{D033D78B-8BC6-B04B-B10D-C0498627500C}.Debug|Any CPU.Build.0 = Debug|Any CPU
		{D033D78B-8BC6-B04B-B10D-C0498627500C}.Release|Any CPU.ActiveCfg = Release|Any CPU
		{D033D78B-8BC6-B04B-B10D-C0498627500C}.Release|Any CPU.Build.0 = Release|Any CPU
	EndGlobalSection
	GlobalSection(SolutionProperties) = preSolution
		HideSolutionNode = FALSE
	EndGlobalSection
	GlobalSection(ExtensibilityGlobals) = postSolution
		SolutionGuid = {BECF6B57-111E-46B6-83BC-3CA39C881AB3}
	EndGlobalSection
EndGlobal
